// !$*UTF8*$!
{
	archiveVersion = 1;
	classes = {
	};
	objectVersion = 50;
	objects = {

/* Begin PBXBuildFile section */
		472D807D25487ABC00A9913A /* AppDelegate.swift in Sources */ = {isa = PBXBuildFile; fileRef = 472D807C25487ABC00A9913A /* AppDelegate.swift */; };
		472D807F25487ABC00A9913A /* SceneDelegate.swift in Sources */ = {isa = PBXBuildFile; fileRef = 472D807E25487ABC00A9913A /* SceneDelegate.swift */; };
		472D808125487ABC00A9913A /* ViewController.swift in Sources */ = {isa = PBXBuildFile; fileRef = 472D808025487ABC00A9913A /* ViewController.swift */; };
		472D808425487ABC00A9913A /* Main.storyboard in Resources */ = {isa = PBXBuildFile; fileRef = 472D808225487ABC00A9913A /* Main.storyboard */; };
		472D808625487ABC00A9913A /* Assets.xcassets in Resources */ = {isa = PBXBuildFile; fileRef = 472D808525487ABC00A9913A /* Assets.xcassets */; };
		472D808925487ABC00A9913A /* LaunchScreen.storyboard in Resources */ = {isa = PBXBuildFile; fileRef = 472D808725487ABC00A9913A /* LaunchScreen.storyboard */; };
		472D809825487FA400A9913A /* DelegateViewController.swift in Sources */ = {isa = PBXBuildFile; fileRef = 472D809725487FA400A9913A /* DelegateViewController.swift */; };
		472D809B2548816C00A9913A /* DataSourceViewController.swift in Sources */ = {isa = PBXBuildFile; fileRef = 472D809A2548816C00A9913A /* DataSourceViewController.swift */; };
/* End PBXBuildFile section */

/* Begin PBXFileReference section */
		472D807925487ABC00A9913A /* iBindingIssue.app */ = {isa = PBXFileReference; explicitFileType = wrapper.application; includeInIndex = 0; path = iBindingIssue.app; sourceTree = BUILT_PRODUCTS_DIR; };
		472D807C25487ABC00A9913A /* AppDelegate.swift */ = {isa = PBXFileReference; lastKnownFileType = sourcecode.swift; path = AppDelegate.swift; sourceTree = "<group>"; };
		472D807E25487ABC00A9913A /* SceneDelegate.swift */ = {isa = PBXFileReference; lastKnownFileType = sourcecode.swift; path = SceneDelegate.swift; sourceTree = "<group>"; };
		472D808025487ABC00A9913A /* ViewController.swift */ = {isa = PBXFileReference; lastKnownFileType = sourcecode.swift; path = ViewController.swift; sourceTree = "<group>"; };
		472D808325487ABC00A9913A /* Base */ = {isa = PBXFileReference; lastKnownFileType = file.storyboard; name = Base; path = Base.lproj/Main.storyboard; sourceTree = "<group>"; };
		472D808525487ABC00A9913A /* Assets.xcassets */ = {isa = PBXFileReference; lastKnownFileType = folder.assetcatalog; path = Assets.xcassets; sourceTree = "<group>"; };
		472D808825487ABC00A9913A /* Base */ = {isa = PBXFileReference; lastKnownFileType = file.storyboard; name = Base; path = Base.lproj/LaunchScreen.storyboard; sourceTree = "<group>"; };
		472D808A25487ABC00A9913A /* Info.plist */ = {isa = PBXFileReference; lastKnownFileType = text.plist.xml; path = Info.plist; sourceTree = "<group>"; };
		472D809725487FA400A9913A /* DelegateViewController.swift */ = {isa = PBXFileReference; lastKnownFileType = sourcecode.swift; path = DelegateViewController.swift; sourceTree = "<group>"; };
		472D809A2548816C00A9913A /* DataSourceViewController.swift */ = {isa = PBXFileReference; lastKnownFileType = sourcecode.swift; path = DataSourceViewController.swift; sourceTree = "<group>"; };
/* End PBXFileReference section */

/* Begin PBXFrameworksBuildPhase section */
		472D807625487ABC00A9913A /* Frameworks */ = {
			isa = PBXFrameworksBuildPhase;
			buildActionMask = 2147483647;
			files = (
			);
			runOnlyForDeploymentPostprocessing = 0;
		};
/* End PBXFrameworksBuildPhase section */

/* Begin PBXGroup section */
		472D807025487ABC00A9913A = {
			isa = PBXGroup;
			children = (
				472D807B25487ABC00A9913A /* iBindingIssue */,
				472D807A25487ABC00A9913A /* Products */,
			);
			sourceTree = "<group>";
		};
		472D807A25487ABC00A9913A /* Products */ = {
			isa = PBXGroup;
			children = (
				472D807925487ABC00A9913A /* iBindingIssue.app */,
			);
			name = Products;
			sourceTree = "<group>";
		};
		472D807B25487ABC00A9913A /* iBindingIssue */ = {
			isa = PBXGroup;
			children = (
				472D807C25487ABC00A9913A /* AppDelegate.swift */,
				472D807E25487ABC00A9913A /* SceneDelegate.swift */,
				472D808025487ABC00A9913A /* ViewController.swift */,
				472D809725487FA400A9913A /* DelegateViewController.swift */,
				472D809A2548816C00A9913A /* DataSourceViewController.swift */,
				472D808225487ABC00A9913A /* Main.storyboard */,
				472D808525487ABC00A9913A /* Assets.xcassets */,
				472D808725487ABC00A9913A /* LaunchScreen.storyboard */,
				472D808A25487ABC00A9913A /* Info.plist */,
			);
			path = iBindingIssue;
			sourceTree = "<group>";
		};
/* End PBXGroup section */

/* Begin PBXNativeTarget section */
		472D807825487ABC00A9913A /* iBindingIssue */ = {
			isa = PBXNativeTarget;
			buildConfigurationList = 472D808D25487ABC00A9913A /* Build configuration list for PBXNativeTarget "iBindingIssue" */;
			buildPhases = (
				472D807525487ABC00A9913A /* Sources */,
				472D807625487ABC00A9913A /* Frameworks */,
				472D807725487ABC00A9913A /* Resources */,
			);
			buildRules = (
			);
			dependencies = (
			);
			name = iBindingIssue;
			productName = iBindingIssue;
			productReference = 472D807925487ABC00A9913A /* iBindingIssue.app */;
			productType = "com.apple.product-type.application";
		};
/* End PBXNativeTarget section */

/* Begin PBXProject section */
		472D807125487ABC00A9913A /* Project object */ = {
			isa = PBXProject;
			attributes = {
				LastSwiftUpdateCheck = 1200;
				LastUpgradeCheck = 1200;
				TargetAttributes = {
					472D807825487ABC00A9913A = {
						CreatedOnToolsVersion = 12.0;
					};
				};
			};
			buildConfigurationList = 472D807425487ABC00A9913A /* Build configuration list for PBXProject "iBindingIssue" */;
			compatibilityVersion = "Xcode 9.3";
			developmentRegion = en;
			hasScannedForEncodings = 0;
			knownRegions = (
				en,
				Base,
			);
			mainGroup = 472D807025487ABC00A9913A;
			productRefGroup = 472D807A25487ABC00A9913A /* Products */;
			projectDirPath = "";
			projectRoot = "";
			targets = (
				472D807825487ABC00A9913A /* iBindingIssue */,
			);
		};
/* End PBXProject section */

/* Begin PBXResourcesBuildPhase section */
		472D807725487ABC00A9913A /* Resources */ = {
			isa = PBXResourcesBuildPhase;
			buildActionMask = 2147483647;
			files = (
				472D808925487ABC00A9913A /* LaunchScreen.storyboard in Resources */,
				472D808625487ABC00A9913A /* Assets.xcassets in Resources */,
				472D808425487ABC00A9913A /* Main.storyboard in Resources */,
			);
			runOnlyForDeploymentPostprocessing = 0;
		};
/* End PBXResourcesBuildPhase section */

/* Begin PBXSourcesBuildPhase section */
		472D807525487ABC00A9913A /* Sources */ = {
			isa = PBXSourcesBuildPhase;
			buildActionMask = 2147483647;
			files = (
				472D808125487ABC00A9913A /* ViewController.swift in Sources */,
				472D809825487FA400A9913A /* DelegateViewController.swift in Sources */,
				472D809B2548816C00A9913A /* DataSourceViewController.swift in Sources */,
				472D807D25487ABC00A9913A /* AppDelegate.swift in Sources */,
				472D807F25487ABC00A9913A /* SceneDelegate.swift in Sources */,
			);
			runOnlyForDeploymentPostprocessing = 0;
		};
/* End PBXSourcesBuildPhase section */

/* Begin PBXVariantGroup section */
		472D808225487ABC00A9913A /* Main.storyboard */ = {
			isa = PBXVariantGroup;
			children = (
				472D808325487ABC00A9913A /* Base */,
			);
			name = Main.storyboard;
			sourceTree = "<group>";
		};
		472D808725487ABC00A9913A /* LaunchScreen.storyboard */ = {
			isa = PBXVariantGroup;
			children = (
				472D808825487ABC00A9913A /* Base */,
			);
			name = LaunchScreen.storyboard;
			sourceTree = "<group>";
		};
/* End PBXVariantGroup section */

/* Begin XCBuildConfiguration section */
		472D808B25487ABC00A9913A /* Debug */ = {
			isa = XCBuildConfiguration;
			buildSettings = {
				ALWAYS_SEARCH_USER_PATHS = NO;
				CLANG_ANALYZER_NONNULL = YES;
				CLANG_ANALYZER_NUMBER_OBJECT_CONVERSION = YES_AGGRESSIVE;
				CLANG_CXX_LANGUAGE_STANDARD = "gnu++14";
				CLANG_CXX_LIBRARY = "libc++";
				CLANG_ENABLE_MODULES = YES;
				CLANG_ENABLE_OBJC_ARC = YES;
				CLANG_ENABLE_OBJC_WEAK = YES;
				CLANG_WARN_BLOCK_CAPTURE_AUTORELEASING = YES;
				CLANG_WARN_BOOL_CONVERSION = YES;
				CLANG_WARN_COMMA = YES;
				CLANG_WARN_CONSTANT_CONVERSION = YES;
				CLANG_WARN_DEPRECATED_OBJC_IMPLEMENTATIONS = YES;
				CLANG_WARN_DIRECT_OBJC_ISA_USAGE = YES_ERROR;
				CLANG_WARN_DOCUMENTATION_COMMENTS = YES;
				CLANG_WARN_EMPTY_BODY = YES;
				CLANG_WARN_ENUM_CONVERSION = YES;
				CLANG_WARN_INFINITE_RECURSION = YES;
				CLANG_WARN_INT_CONVERSION = YES;
				CLANG_WARN_NON_LITERAL_NULL_CONVERSION = YES;
				CLANG_WARN_OBJC_IMPLICIT_RETAIN_SELF = YES;
				CLANG_WARN_OBJC_LITERAL_CONVERSION = YES;
				CLANG_WARN_OBJC_ROOT_CLASS = YES_ERROR;
				CLANG_WARN_QUOTED_INCLUDE_IN_FRAMEWORK_HEADER = YES;
				CLANG_WARN_RANGE_LOOP_ANALYSIS = YES;
				CLANG_WARN_STRICT_PROTOTYPES = YES;
				CLANG_WARN_SUSPICIOUS_MOVE = YES;
				CLANG_WARN_UNGUARDED_AVAILABILITY = YES_AGGRESSIVE;
				CLANG_WARN_UNREACHABLE_CODE = YES;
				CLANG_WARN__DUPLICATE_METHOD_MATCH = YES;
				COPY_PHASE_STRIP = NO;
				DEBUG_INFORMATION_FORMAT = dwarf;
				ENABLE_STRICT_OBJC_MSGSEND = YES;
				ENABLE_TESTABILITY = YES;
				GCC_C_LANGUAGE_STANDARD = gnu11;
				GCC_DYNAMIC_NO_PIC = NO;
				GCC_NO_COMMON_BLOCKS = YES;
				GCC_OPTIMIZATION_LEVEL = 0;
				GCC_PREPROCESSOR_DEFINITIONS = (
					"DEBUG=1",
					"$(inherited)",
				);
				GCC_WARN_64_TO_32_BIT_CONVERSION = YES;
				GCC_WARN_ABOUT_RETURN_TYPE = YES_ERROR;
				GCC_WARN_UNDECLARED_SELECTOR = YES;
				GCC_WARN_UNINITIALIZED_AUTOS = YES_AGGRESSIVE;
				GCC_WARN_UNUSED_FUNCTION = YES;
				GCC_WARN_UNUSED_VARIABLE = YES;
				IPHONEOS_DEPLOYMENT_TARGET = 14.0;
				MTL_ENABLE_DEBUG_INFO = INCLUDE_SOURCE;
				MTL_FAST_MATH = YES;
				ONLY_ACTIVE_ARCH = YES;
				SDKROOT = iphoneos;
				SWIFT_ACTIVE_COMPILATION_CONDITIONS = DEBUG;
				SWIFT_OPTIMIZATION_LEVEL = "-Onone";
			};
			name = Debug;
		};
		472D808C25487ABC00A9913A /* Release */ = {
			isa = XCBuildConfiguration;
			buildSettings = {
				ALWAYS_SEARCH_USER_PATHS = NO;
				CLANG_ANALYZER_NONNULL = YES;
				CLANG_ANALYZER_NUMBER_OBJECT_CONVERSION = YES_AGGRESSIVE;
				CLANG_CXX_LANGUAGE_STANDARD = "gnu++14";
				CLANG_CXX_LIBRARY = "libc++";
				CLANG_ENABLE_MODULES = YES;
				CLANG_ENABLE_OBJC_ARC = YES;
				CLANG_ENABLE_OBJC_WEAK = YES;
				CLANG_WARN_BLOCK_CAPTURE_AUTORELEASING = YES;
				CLANG_WARN_BOOL_CONVERSION = YES;
				CLANG_WARN_COMMA = YES;
				CLANG_WARN_CONSTANT_CONVERSION = YES;
				CLANG_WARN_DEPRECATED_OBJC_IMPLEMENTATIONS = YES;
				CLANG_WARN_DIRECT_OBJC_ISA_USAGE = YES_ERROR;
				CLANG_WARN_DOCUMENTATION_COMMENTS = YES;
				CLANG_WARN_EMPTY_BODY = YES;
				CLANG_WARN_ENUM_CONVERSION = YES;
				CLANG_WARN_INFINITE_RECURSION = YES;
				CLANG_WARN_INT_CONVERSION = YES;
				CLANG_WARN_NON_LITERAL_NULL_CONVERSION = YES;
				CLANG_WARN_OBJC_IMPLICIT_RETAIN_SELF = YES;
				CLANG_WARN_OBJC_LITERAL_CONVERSION = YES;
				CLANG_WARN_OBJC_ROOT_CLASS = YES_ERROR;
				CLANG_WARN_QUOTED_INCLUDE_IN_FRAMEWORK_HEADER = YES;
				CLANG_WARN_RANGE_LOOP_ANALYSIS = YES;
				CLANG_WARN_STRICT_PROTOTYPES = YES;
				CLANG_WARN_SUSPICIOUS_MOVE = YES;
				CLANG_WARN_UNGUARDED_AVAILABILITY = YES_AGGRESSIVE;
				CLANG_WARN_UNREACHABLE_CODE = YES;
				CLANG_WARN__DUPLICATE_METHOD_MATCH = YES;
				COPY_PHASE_STRIP = NO;
				DEBUG_INFORMATION_FORMAT = "dwarf-with-dsym";
				ENABLE_NS_ASSERTIONS = NO;
				ENABLE_STRICT_OBJC_MSGSEND = YES;
				GCC_C_LANGUAGE_STANDARD = gnu11;
				GCC_NO_COMMON_BLOCKS = YES;
				GCC_WARN_64_TO_32_BIT_CONVERSION = YES;
				GCC_WARN_ABOUT_RETURN_TYPE = YES_ERROR;
				GCC_WARN_UNDECLARED_SELECTOR = YES;
				GCC_WARN_UNINITIALIZED_AUTOS = YES_AGGRESSIVE;
				GCC_WARN_UNUSED_FUNCTION = YES;
				GCC_WARN_UNUSED_VARIABLE = YES;
				IPHONEOS_DEPLOYMENT_TARGET = 14.0;
				MTL_ENABLE_DEBUG_INFO = NO;
				MTL_FAST_MATH = YES;
				SDKROOT = iphoneos;
				SWIFT_COMPILATION_MODE = wholemodule;
				SWIFT_OPTIMIZATION_LEVEL = "-O";
				VALIDATE_PRODUCT = YES;
			};
			name = Release;
		};
		472D808E25487ABC00A9913A /* Debug */ = {
			isa = XCBuildConfiguration;
			buildSettings = {
				ASSETCATALOG_COMPILER_APPICON_NAME = AppIcon;
				ASSETCATALOG_COMPILER_GLOBAL_ACCENT_COLOR_NAME = AccentColor;
				CODE_SIGN_STYLE = Automatic;
				DEVELOPMENT_TEAM = 97BD48DZC7;
				INFOPLIST_FILE = iBindingIssue/Info.plist;
				IPHONEOS_DEPLOYMENT_TARGET = 13.0;
				LD_RUNPATH_SEARCH_PATHS = (
					"$(inherited)",
					"@executable_path/Frameworks",
				);
				PRODUCT_BUNDLE_IDENTIFIER = tw.com.BruceHuang.iBindingIssue;
				PRODUCT_NAME = "$(TARGET_NAME)";
				SWIFT_VERSION = 5.0;
				TARGETED_DEVICE_FAMILY = 2;
			};
			name = Debug;
		};
		472D808F25487ABC00A9913A /* Release */ = {
			isa = XCBuildConfiguration;
			buildSettings = {
				ASSETCATALOG_COMPILER_APPICON_NAME = AppIcon;
				ASSETCATALOG_COMPILER_GLOBAL_ACCENT_COLOR_NAME = AccentColor;
				CODE_SIGN_STYLE = Automatic;
				DEVELOPMENT_TEAM = 97BD48DZC7;
				INFOPLIST_FILE = iBindingIssue/Info.plist;
				IPHONEOS_DEPLOYMENT_TARGET = 13.0;
				LD_RUNPATH_SEARCH_PATHS = (
					"$(inherited)",
					"@executable_path/Frameworks",
				);
				PRODUCT_BUNDLE_IDENTIFIER = tw.com.BruceHuang.iBindingIssue;
				PRODUCT_NAME = "$(TARGET_NAME)";
				SWIFT_VERSION = 5.0;
				TARGETED_DEVICE_FAMILY = 2;
			};
			name = Release;
		};
/* End XCBuildConfiguration section */

/* Begin XCConfigurationList section */
		472D807425487ABC00A9913A /* Build configuration list for PBXProject "iBindingIssue" */ = {
			isa = XCConfigurationList;
			buildConfigurations = (
				472D808B25487ABC00A9913A /* Debug */,
				472D808C25487ABC00A9913A /* Release */,
			);
			defaultConfigurationIsVisible = 0;
			defaultConfigurationName = Release;
		};
		472D808D25487ABC00A9913A /* Build configuration list for PBXNativeTarget "iBindingIssue" */ = {
			isa = XCConfigurationList;
			buildConfigurations = (
				472D808E25487ABC00A9913A /* Debug */,
				472D808F25487ABC00A9913A /* Release */,
			);
			defaultConfigurationIsVisible = 0;
			defaultConfigurationName = Release;
		};
/* End XCConfigurationList section */
	};
	rootObject = 472D807125487ABC00A9913A /* Project object */;
}
